<?xml version="1.0" encoding="utf-8"?>
<Project ToolsVersion="4.0" xmlns="http://schemas.microsoft.com/developer/msbuild/2003">
  <ItemGroup>
    <Filter Include="Platform">
      <UniqueIdentifier>{2AC788B4-1694-E3BF-3FAD-D1672BD9184E}</UniqueIdentifier>
    </Filter>
    <Filter Include="Platform\OpenGL">
      <UniqueIdentifier>{1E7D2C1D-8A08-9AE1-9319-1DD6FF23F6E1}</UniqueIdentifier>
    </Filter>
    <Filter Include="Platform\Windows">
      <UniqueIdentifier>{64FBD71A-50F4-F66C-7926-DCF1657ED678}</UniqueIdentifier>
    </Filter>
    <Filter Include="Vortex">
      <UniqueIdentifier>{EDC893D8-D96A-BEAE-C225-D202AE6645FF}</UniqueIdentifier>
    </Filter>
    <Filter Include="Vortex\Events">
      <UniqueIdentifier>{3188EA07-9D48-663E-6683-AFBBD202AB1A}</UniqueIdentifier>
    </Filter>
    <Filter Include="Vortex\ImGui">
      <UniqueIdentifier>{D77BFCF0-C3DE-8B95-6C64-C44B58A65718}</UniqueIdentifier>
    </Filter>
  </ItemGroup>
  <ItemGroup>
    <ClInclude Include="src\Platform\OpenGL\ImGuiOpenGLRenderer.h">
      <Filter>Platform\OpenGL</Filter>
    </ClInclude>
    <ClInclude Include="src\Platform\Windows\WindowsWindow.h">
      <Filter>Platform\Windows</Filter>
    </ClInclude>
    <ClInclude Include="src\Vortex.h" />
    <ClInclude Include="src\Vortex\Application.h">
      <Filter>Vortex</Filter>
    </ClInclude>
    <ClInclude Include="src\Vortex\Core.h">
      <Filter>Vortex</Filter>
    </ClInclude>
    <ClInclude Include="src\Vortex\EntryPoint.h">
      <Filter>Vortex</Filter>
    </ClInclude>
    <ClInclude Include="src\Vortex\Events\ApplicationEvent.h">
      <Filter>Vortex\Events</Filter>
    </ClInclude>
    <ClInclude Include="src\Vortex\Events\Event.h">
      <Filter>Vortex\Events</Filter>
    </ClInclude>
    <ClInclude Include="src\Vortex\Events\KeyEvent.h">
      <Filter>Vortex\Events</Filter>
    </ClInclude>
    <ClInclude Include="src\Vortex\Events\MouseEvent.h">
      <Filter>Vortex\Events</Filter>
    </ClInclude>
    <ClInclude Include="src\Vortex\ImGui\ImGuiLayer.h">
      <Filter>Vortex\ImGui</Filter>
    </ClInclude>
    <ClInclude Include="src\Vortex\Layer.h">
      <Filter>Vortex</Filter>
    </ClInclude>
    <ClInclude Include="src\Vortex\LayerStack.h">
      <Filter>Vortex</Filter>
    </ClInclude>
    <ClInclude Include="src\Vortex\Log.h">
      <Filter>Vortex</Filter>
    </ClInclude>
    <ClInclude Include="src\Vortex\Window.h">
      <Filter>Vortex</Filter>
    </ClInclude>
    <ClInclude Include="src\Vxpch.h" />
    <ClInclude Include="src\Vortex\Input.h" />
    <ClInclude Include="src\Platform\Windows\WindowsInput.h" />
    <ClInclude Include="src\Vortex\Keycodes.h" />
    <ClInclude Include="src\Vortex\MouseCodes.h" />
  </ItemGroup>
  <ItemGroup>
    <ClCompile Include="src\Platform\OpenGL\ImGuiOpenGLRenderer.cpp">
      <Filter>Platform\OpenGL</Filter>
    </ClCompile>
    <ClCompile Include="src\Platform\Windows\WindowsWindow.cpp">
      <Filter>Platform\Windows</Filter>
    </ClCompile>
    <ClCompile Include="src\Vortex\Application.cpp">
      <Filter>Vortex</Filter>
    </ClCompile>
    <ClCompile Include="src\Vortex\ImGui\ImGuiLayer.cpp">
      <Filter>Vortex\ImGui</Filter>
    </ClCompile>
    <ClCompile Include="src\Vortex\Layer.cpp">
      <Filter>Vortex</Filter>
    </ClCompile>
    <ClCompile Include="src\Vortex\LayerStack.cpp">
      <Filter>Vortex</Filter>
    </ClCompile>
    <ClCompile Include="src\Vortex\Log.cpp">
      <Filter>Vortex</Filter>
    </ClCompile>
    <ClCompile Include="src\Vxpch.cpp" />
    <ClCompile Include="src\Platform\Windows\WindowsInput.cpp" />
  </ItemGroup>
</Project>